
Microsoft Visual Studio Solution File, Format Version 12.00
# Visual Studio Version 16
VisualStudioVersion = 16.0.30709.132
MinimumVisualStudioVersion = 10.0.40219.1
Project("{9A19103F-16F7-4668-BE54-9A1E7A4F7556}") = "AnimationTiming", "AnimationTiming.csproj", "{D885137D-4590-42ED-9CF4-5D6C94F62E51}"
EndProject
Global
	GlobalSection(SolutionConfigurationPlatforms) = preSolution
		Debug|Any CPU = Debug|Any CPU
		Release|Any CPU = Release|Any CPU
	EndGlobalSection
	GlobalSection(ProjectConfigurationPlatforms) = postSolution
		{D885137D-4590-42ED-9CF4-5D6C94F62E51}.Debug|Any CPU.ActiveCfg = Debug|Any CPU
		{D885137D-4590-42ED-9CF4-5D6C94F62E51}.Debug|Any CPU.Build.0 = Debug|Any CPU
		{D885137D-4590-42ED-9CF4-5D6C94F62E51}.Release|Any CPU.ActiveCfg = Release|Any CPU
		{D885137D-4590-42ED-9CF4-5D6C94F62E51}.Release|Any CPU.Build.0 = Release|Any CPU
	EndGlobalSection
	GlobalSection(SolutionProperties) = preSolution
		HideSolutionNode = FALSE
	EndGlobalSection
	GlobalSection(ExtensibilityGlobals) = postSolution
		SolutionGuid = {5FD46890-0C95-4774-A1E2-98DE1611562A}
	EndGlobalSection
EndGlobal
